# This file is autogenerated, do not edit; changes may be undone by the next 'dep ensure'.


[[projects]]
  name = "github.com/BurntSushi/toml"
  packages = ["."]
  revision = "b26d9c308763d68093482582cea63d69be07a0f0"
  version = "v0.3.0"

[[projects]]
  branch = "master"
  name = "github.com/alicebob/gopher-json"
  packages = ["."]
  revision = "5a6b3ba71ee69b77cf64febf8b5a7526ca5eaef0"

[[projects]]
  name = "github.com/alicebob/miniredis"
  packages = [
    ".",
    "server"
  ]
  revision = "b1f1e97dadd4ad77e6b67af72017f6356aeaf854"
  version = "2.4"

[[projects]]
  branch = "master"
  name = "github.com/armon/go-metrics"
  packages = ["."]
  revision = "783273d703149aaeb9897cf58613d5af48861c25"

[[projects]]
  name = "github.com/boltdb/bolt"
  packages = ["."]
  revision = "aa66506030b376f848667d84d2596faa8a7099ea"
  version = "v1.0"

[[projects]]
  branch = "master"
  name = "github.com/c4pt0r/cfg"
  packages = ["."]
  revision = "429e6985f0b07bceaa33b57ee612fbca4797a9a6"

[[projects]]
  name = "github.com/coreos/etcd"
  packages = ["error"]
  revision = "fdde8705f5bf9a6d9dbfb0220caf2ee1ac816be8"
  version = "v3.3.4"

[[projects]]
  name = "github.com/coreos/go-etcd"
  packages = ["etcd"]
  revision = "f02171fbd43c7b9b53ce8679b03235a1ef3c7b12"
  version = "v2.0.0"

[[projects]]
  name = "github.com/docopt/docopt-go"
  packages = ["."]
  revision = "784ddc588536785e7299f7272f39101f7faccc3f"
  version = "0.6.2"

[[projects]]
  name = "github.com/garyburd/redigo"
  packages = [
    "internal",
    "redis"
  ]
  revision = "a69d19351219b6dd56f274f96d85a7014a2ec34e"
  version = "v1.6.0"

[[projects]]
  branch = "master"
  name = "github.com/go-cloud/go-zookeeper"
  packages = ["zk"]
  revision = "a75bd3e768869ad1a35a6c0dea7fa9aac41b76aa"

[[projects]]
  branch = "master"
  name = "github.com/go-cloud/zkhelper"
  packages = ["."]
  revision = "c0db2971045e0f19dce1b041948fb4867a938b09"

[[projects]]
  name = "github.com/gorilla/context"
  packages = ["."]
  revision = "1ea25387ff6f684839d82767c1733ff4d4d15d0a"
  version = "v1.1"

[[projects]]
  name = "github.com/gorilla/mux"
  packages = ["."]
  revision = "53c1911da2b537f792e7cafcb446b05ffe33b996"
  version = "v1.6.1"

[[projects]]
  branch = "master"
  name = "github.com/hashicorp/go-immutable-radix"
  packages = ["."]
  revision = "7f3cd4390caab3250a57f30efdb2a65dd7649ecf"

[[projects]]
  branch = "master"
  name = "github.com/hashicorp/go-msgpack"
  packages = ["codec"]
  revision = "fa3f63826f7c23912c15263591e65d54d080b458"

[[projects]]
  branch = "master"
  name = "github.com/hashicorp/golang-lru"
  packages = ["simplelru"]
  revision = "0fb14efe8c47ae851c0034ed7a448854d3d34cf3"

[[projects]]
  branch = "master"
  name = "github.com/hashicorp/raft"
  packages = ["."]
  revision = "a3fb4581fb07b16ecf1c3361580d4bdb17de9d98"

[[projects]]
  branch = "master"
  name = "github.com/juju/errors"
  packages = ["."]
  revision = "c7d06af17c68cd34c835053720b21f6549d9b0ee"

[[projects]]
  branch = "master"
  name = "github.com/magenta9/raft-boltdb"
  packages = ["."]
  revision = "3ba6dbeb53d74e5d96e7b6c5d4db2223661c8259"

[[projects]]
  branch = "master"
  name = "github.com/magenta9/redis-failover"
  packages = ["failover"]
  revision = "6bd21dfc3e280f0b3b09d96767335aa91a543ec6"

[[projects]]
  branch = "master"
  name = "github.com/ngaut/go-zookeeper"
  packages = ["zk"]
  revision = "9c3719e318c7cfd072e41eb48cb71fcaa49d5e05"

[[projects]]
  branch = "master"
  name = "github.com/ngaut/gostats"
  packages = ["."]
  revision = "faefc939c0359a8930e92767bfa425546a38f69a"

[[projects]]
  branch = "master"
  name = "github.com/ngaut/log"
  packages = ["."]
  revision = "b8e36e7ba5ac61ce5644e570f1cc42d97dbaf8ed"

[[projects]]
  branch = "master"
  name = "github.com/ngaut/logging"
  packages = ["."]
  revision = "f98f5f4cd523647678af6f1726c5b5a14c9193d0"

[[projects]]
  branch = "master"
  name = "github.com/ngaut/pools"
  packages = ["."]
  revision = "b7bc8c42aac787667ba45adea78233f53f548443"

[[projects]]
  branch = "master"
  name = "github.com/ngaut/resp"
  packages = ["."]
  revision = "048d415100751ec01348bbb0e39e08de319a8879"

[[projects]]
  branch = "master"
  name = "github.com/ngaut/sync2"
  packages = ["."]
  revision = "7a24ed77b2efb460c1468b7dc917821c66e80e55"

[[projects]]
  branch = "master"
  name = "github.com/ngaut/tokenlimiter"
  packages = ["."]
  revision = "cbe856638a37f57f88c25fd08bfc14d0ae4e39be"

[[projects]]
  branch = "master"
  name = "github.com/ngaut/zkhelper"
  packages = ["."]
  revision = "6738bdc138d469112c6687fbfcfe049ccabd6a0a"

[[projects]]
  branch = "master"
  name = "github.com/nu7hatch/gouuid"
  packages = ["."]
  revision = "179d4d0c4d8d407a32af483c2354df1d2c91e6c3"

[[projects]]
  branch = "master"
  name = "github.com/siddontang/go"
  packages = [
    "log",
    "sync2"
  ]
  revision = "cb568a3e5cc06256f91a2da5a87455f717eb33f4"

[[projects]]
  branch = "master"
  name = "github.com/yuin/gopher-lua"
  packages = [
    ".",
    "ast",
    "parse",
    "pm"
  ]
  revision = "b0fa786cf4ea360285924c4a7fd42325be57aec8"

[solve-meta]
  analyzer-name = "dep"
  analyzer-version = 1
  inputs-digest = "590dc6562e9fc2c2012c4b93a949c75a800f41ab017dc86d24c771bed34f2ecf"
  solver-name = "gps-cdcl"
  solver-version = 1
